
Microsoft Visual Studio Solution File, Format Version 12.00
# Visual Studio Version 16
VisualStudioVersion = 16.0.32602.291
MinimumVisualStudioVersion = 10.0.40219.1
Project("{FAE04EC0-301F-11D3-BF4B-00C04F79EFBC}") = "ProyectoInfinityCreations", "ProyectoInfinityCreations\ProyectoInfinityCreations.csproj", "{57A98FBA-E79C-451F-A8B9-F6C990E2B7B1}"
EndProject
Global
	GlobalSection(SolutionConfigurationPlatforms) = preSolution
		Debug|Any CPU = Debug|Any CPU
		Release|Any CPU = Release|Any CPU
	EndGlobalSection
	GlobalSection(ProjectConfigurationPlatforms) = postSolution
		{57A98FBA-E79C-451F-A8B9-F6C990E2B7B1}.Debug|Any CPU.ActiveCfg = Debug|Any CPU
		{57A98FBA-E79C-451F-A8B9-F6C990E2B7B1}.Debug|Any CPU.Build.0 = Debug|Any CPU
		{57A98FBA-E79C-451F-A8B9-F6C990E2B7B1}.Release|Any CPU.ActiveCfg = Release|Any CPU
		{57A98FBA-E79C-451F-A8B9-F6C990E2B7B1}.Release|Any CPU.Build.0 = Release|Any CPU
	EndGlobalSection
	GlobalSection(SolutionProperties) = preSolution
		HideSolutionNode = FALSE
	EndGlobalSection
	GlobalSection(ExtensibilityGlobals) = postSolution
		SolutionGuid = {C1EF3461-8B9F-4ABC-8A1E-930B3CA1A6CD}
	EndGlobalSection
EndGlobal
